// !$*UTF8*$!
{
	archiveVersion = 1;
	classes = {
	};
	objectVersion = 56;
	objects = {

/* Begin PBXBuildFile section */
		063C2FB02B85C06300BE916A /* AppDelegate.swift in Sources */ = {isa = PBXBuildFile; fileRef = 063C2FAF2B85C06300BE916A /* AppDelegate.swift */; };
		063C2FB22B85C06300BE916A /* SceneDelegate.swift in Sources */ = {isa = PBXBuildFile; fileRef = 063C2FB12B85C06300BE916A /* SceneDelegate.swift */; };
		063C2FB42B85C06300BE916A /* ViewController.swift in Sources */ = {isa = PBXBuildFile; fileRef = 063C2FB32B85C06300BE916A /* ViewController.swift */; };
		063C2FB72B85C06300BE916A /* Main.storyboard in Resources */ = {isa = PBXBuildFile; fileRef = 063C2FB52B85C06300BE916A /* Main.storyboard */; };
		063C2FB92B85C06400BE916A /* Assets.xcassets in Resources */ = {isa = PBXBuildFile; fileRef = 063C2FB82B85C06400BE916A /* Assets.xcassets */; };
		063C2FBC2B85C06400BE916A /* LaunchScreen.storyboard in Resources */ = {isa = PBXBuildFile; fileRef = 063C2FBA2B85C06400BE916A /* LaunchScreen.storyboard */; };
		063C2FC72B85C06400BE916A /* sampleappTests.swift in Sources */ = {isa = PBXBuildFile; fileRef = 063C2FC62B85C06400BE916A /* sampleappTests.swift */; };
		063C2FD12B85C06400BE916A /* sampleappUITests.swift in Sources */ = {isa = PBXBuildFile; fileRef = 063C2FD02B85C06400BE916A /* sampleappUITests.swift */; };
		063C2FD32B85C06400BE916A /* sampleappUITestsLaunchTests.swift in Sources */ = {isa = PBXBuildFile; fileRef = 063C2FD22B85C06400BE916A /* sampleappUITestsLaunchTests.swift */; };
/* End PBXBuildFile section */

/* Begin PBXContainerItemProxy section */
		063C2FC32B85C06400BE916A /* PBXContainerItemProxy */ = {
			isa = PBXContainerItemProxy;
			containerPortal = 063C2FA42B85C06300BE916A /* Project object */;
			proxyType = 1;
			remoteGlobalIDString = 063C2FAB2B85C06300BE916A;
			remoteInfo = sampleapp;
		};
		063C2FCD2B85C06400BE916A /* PBXContainerItemProxy */ = {
			isa = PBXContainerItemProxy;
			containerPortal = 063C2FA42B85C06300BE916A /* Project object */;
			proxyType = 1;
			remoteGlobalIDString = 063C2FAB2B85C06300BE916A;
			remoteInfo = sampleapp;
		};
/* End PBXContainerItemProxy section */

/* Begin PBXFileReference section */
		063C2FAC2B85C06300BE916A /* sampleapp.app */ = {isa = PBXFileReference; explicitFileType = wrapper.application; includeInIndex = 0; path = sampleapp.app; sourceTree = BUILT_PRODUCTS_DIR; };
		063C2FAF2B85C06300BE916A /* AppDelegate.swift */ = {isa = PBXFileReference; lastKnownFileType = sourcecode.swift; path = AppDelegate.swift; sourceTree = "<group>"; };
		063C2FB12B85C06300BE916A /* SceneDelegate.swift */ = {isa = PBXFileReference; lastKnownFileType = sourcecode.swift; path = SceneDelegate.swift; sourceTree = "<group>"; };
		063C2FB32B85C06300BE916A /* ViewController.swift */ = {isa = PBXFileReference; lastKnownFileType = sourcecode.swift; path = ViewController.swift; sourceTree = "<group>"; };
		063C2FB62B85C06300BE916A /* Base */ = {isa = PBXFileReference; lastKnownFileType = file.storyboard; name = Base; path = Base.lproj/Main.storyboard; sourceTree = "<group>"; };
		063C2FB82B85C06400BE916A /* Assets.xcassets */ = {isa = PBXFileReference; lastKnownFileType = folder.assetcatalog; path = Assets.xcassets; sourceTree = "<group>"; };
		063C2FBB2B85C06400BE916A /* Base */ = {isa = PBXFileReference; lastKnownFileType = file.storyboard; name = Base; path = Base.lproj/LaunchScreen.storyboard; sourceTree = "<group>"; };
		063C2FBD2B85C06400BE916A /* Info.plist */ = {isa = PBXFileReference; lastKnownFileType = text.plist.xml; path = Info.plist; sourceTree = "<group>"; };
		063C2FC22B85C06400BE916A /* sampleappTests.xctest */ = {isa = PBXFileReference; explicitFileType = wrapper.cfbundle; includeInIndex = 0; path = sampleappTests.xctest; sourceTree = BUILT_PRODUCTS_DIR; };
		063C2FC62B85C06400BE916A /* sampleappTests.swift */ = {isa = PBXFileReference; lastKnownFileType = sourcecode.swift; path = sampleappTests.swift; sourceTree = "<group>"; };
		063C2FCC2B85C06400BE916A /* sampleappUITests.xctest */ = {isa = PBXFileReference; explicitFileType = wrapper.cfbundle; includeInIndex = 0; path = sampleappUITests.xctest; sourceTree = BUILT_PRODUCTS_DIR; };
		063C2FD02B85C06400BE916A /* sampleappUITests.swift */ = {isa = PBXFileReference; lastKnownFileType = sourcecode.swift; path = sampleappUITests.swift; sourceTree = "<group>"; };
		063C2FD22B85C06400BE916A /* sampleappUITestsLaunchTests.swift */ = {isa = PBXFileReference; lastKnownFileType = sourcecode.swift; path = sampleappUITestsLaunchTests.swift; sourceTree = "<group>"; };
/* End PBXFileReference section */

/* Begin PBXFrameworksBuildPhase section */
		063C2FA92B85C06300BE916A /* Frameworks */ = {
			isa = PBXFrameworksBuildPhase;
			buildActionMask = 2147483647;
			files = (
			);
			runOnlyForDeploymentPostprocessing = 0;
		};
		063C2FBF2B85C06400BE916A /* Frameworks */ = {
			isa = PBXFrameworksBuildPhase;
			buildActionMask = 2147483647;
			files = (
			);
			runOnlyForDeploymentPostprocessing = 0;
		};
		063C2FC92B85C06400BE916A /* Frameworks */ = {
			isa = PBXFrameworksBuildPhase;
			buildActionMask = 2147483647;
			files = (
			);
			runOnlyForDeploymentPostprocessing = 0;
		};
/* End PBXFrameworksBuildPhase section */

/* Begin PBXGroup section */
		063C2FA32B85C06300BE916A = {
			isa = PBXGroup;
			children = (
				063C2FAE2B85C06300BE916A /* sampleapp */,
				063C2FC52B85C06400BE916A /* sampleappTests */,
				063C2FCF2B85C06400BE916A /* sampleappUITests */,
				063C2FAD2B85C06300BE916A /* Products */,
			);
			sourceTree = "<group>";
		};
		063C2FAD2B85C06300BE916A /* Products */ = {
			isa = PBXGroup;
			children = (
				063C2FAC2B85C06300BE916A /* sampleapp.app */,
				063C2FC22B85C06400BE916A /* sampleappTests.xctest */,
				063C2FCC2B85C06400BE916A /* sampleappUITests.xctest */,
			);
			name = Products;
			sourceTree = "<group>";
		};
		063C2FAE2B85C06300BE916A /* sampleapp */ = {
			isa = PBXGroup;
			children = (
				063C2FAF2B85C06300BE916A /* AppDelegate.swift */,
				063C2FB12B85C06300BE916A /* SceneDelegate.swift */,
				063C2FB32B85C06300BE916A /* ViewController.swift */,
				063C2FB52B85C06300BE916A /* Main.storyboard */,
				063C2FB82B85C06400BE916A /* Assets.xcassets */,
				063C2FBA2B85C06400BE916A /* LaunchScreen.storyboard */,
				063C2FBD2B85C06400BE916A /* Info.plist */,
			);
			path = sampleapp;
			sourceTree = "<group>";
		};
		063C2FC52B85C06400BE916A /* sampleappTests */ = {
			isa = PBXGroup;
			children = (
				063C2FC62B85C06400BE916A /* sampleappTests.swift */,
			);
			path = sampleappTests;
			sourceTree = "<group>";
		};
		063C2FCF2B85C06400BE916A /* sampleappUITests */ = {
			isa = PBXGroup;
			children = (
				063C2FD02B85C06400BE916A /* sampleappUITests.swift */,
				063C2FD22B85C06400BE916A /* sampleappUITestsLaunchTests.swift */,
			);
			path = sampleappUITests;
			sourceTree = "<group>";
		};
/* End PBXGroup section */

/* Begin PBXNativeTarget section */
		063C2FAB2B85C06300BE916A /* sampleapp */ = {
			isa = PBXNativeTarget;
			buildConfigurationList = 063C2FD62B85C06400BE916A /* Build configuration list for PBXNativeTarget "sampleapp" */;
			buildPhases = (
				063C2FA82B85C06300BE916A /* Sources */,
				063C2FA92B85C06300BE916A /* Frameworks */,
				063C2FAA2B85C06300BE916A /* Resources */,
			);
			buildRules = (
			);
			dependencies = (
			);
			name = sampleapp;
			productName = sampleapp;
			productReference = 063C2FAC2B85C06300BE916A /* sampleapp.app */;
			productType = "com.apple.product-type.application";
		};
		063C2FC12B85C06400BE916A /* sampleappTests */ = {
			isa = PBXNativeTarget;
			buildConfigurationList = 063C2FD92B85C06400BE916A /* Build configuration list for PBXNativeTarget "sampleappTests" */;
			buildPhases = (
				063C2FBE2B85C06400BE916A /* Sources */,
				063C2FBF2B85C06400BE916A /* Frameworks */,
				063C2FC02B85C06400BE916A /* Resources */,
			);
			buildRules = (
			);
			dependencies = (
				063C2FC42B85C06400BE916A /* PBXTargetDependency */,
			);
			name = sampleappTests;
			productName = sampleappTests;
			productReference = 063C2FC22B85C06400BE916A /* sampleappTests.xctest */;
			productType = "com.apple.product-type.bundle.unit-test";
		};
		063C2FCB2B85C06400BE916A /* sampleappUITests */ = {
			isa = PBXNativeTarget;
			buildConfigurationList = 063C2FDC2B85C06400BE916A /* Build configuration list for PBXNativeTarget "sampleappUITests" */;
			buildPhases = (
				063C2FC82B85C06400BE916A /* Sources */,
				063C2FC92B85C06400BE916A /* Frameworks */,
				063C2FCA2B85C06400BE916A /* Resources */,
			);
			buildRules = (
			);
			dependencies = (
				063C2FCE2B85C06400BE916A /* PBXTargetDependency */,
			);
			name = sampleappUITests;
			productName = sampleappUITests;
			productReference = 063C2FCC2B85C06400BE916A /* sampleappUITests.xctest */;
			productType = "com.apple.product-type.bundle.ui-testing";
		};
/* End PBXNativeTarget section */

/* Begin PBXProject section */
		063C2FA42B85C06300BE916A /* Project object */ = {
			isa = PBXProject;
			attributes = {
				BuildIndependentTargetsInParallel = 1;
				LastSwiftUpdateCheck = 1520;
				LastUpgradeCheck = 1520;
				TargetAttributes = {
					063C2FAB2B85C06300BE916A = {
						CreatedOnToolsVersion = 15.2;
					};
					063C2FC12B85C06400BE916A = {
						CreatedOnToolsVersion = 15.2;
						TestTargetID = 063C2FAB2B85C06300BE916A;
					};
					063C2FCB2B85C06400BE916A = {
						CreatedOnToolsVersion = 15.2;
						TestTargetID = 063C2FAB2B85C06300BE916A;
					};
				};
			};
			buildConfigurationList = 063C2FA72B85C06300BE916A /* Build configuration list for PBXProject "sampleapp" */;
			compatibilityVersion = "Xcode 14.0";
			developmentRegion = en;
			hasScannedForEncodings = 0;
			knownRegions = (
				en,
				Base,
			);
			mainGroup = 063C2FA32B85C06300BE916A;
			productRefGroup = 063C2FAD2B85C06300BE916A /* Products */;
			projectDirPath = "";
			projectRoot = "";
			targets = (
				063C2FAB2B85C06300BE916A /* sampleapp */,
				063C2FC12B85C06400BE916A /* sampleappTests */,
				063C2FCB2B85C06400BE916A /* sampleappUITests */,
			);
		};
/* End PBXProject section */

/* Begin PBXResourcesBuildPhase section */
		063C2FAA2B85C06300BE916A /* Resources */ = {
			isa = PBXResourcesBuildPhase;
			buildActionMask = 2147483647;
			files = (
				063C2FBC2B85C06400BE916A /* LaunchScreen.storyboard in Resources */,
				063C2FB92B85C06400BE916A /* Assets.xcassets in Resources */,
				063C2FB72B85C06300BE916A /* Main.storyboard in Resources */,
			);
			runOnlyForDeploymentPostprocessing = 0;
		};
		063C2FC02B85C06400BE916A /* Resources */ = {
			isa = PBXResourcesBuildPhase;
			buildActionMask = 2147483647;
			files = (
			);
			runOnlyForDeploymentPostprocessing = 0;
		};
		063C2FCA2B85C06400BE916A /* Resources */ = {
			isa = PBXResourcesBuildPhase;
			buildActionMask = 2147483647;
			files = (
			);
			runOnlyForDeploymentPostprocessing = 0;
		};
/* End PBXResourcesBuildPhase section */

/* Begin PBXSourcesBuildPhase section */
		063C2FA82B85C06300BE916A /* Sources */ = {
			isa = PBXSourcesBuildPhase;
			buildActionMask = 2147483647;
			files = (
				063C2FB42B85C06300BE916A /* ViewController.swift in Sources */,
				063C2FB02B85C06300BE916A /* AppDelegate.swift in Sources */,
				063C2FB22B85C06300BE916A /* SceneDelegate.swift in Sources */,
			);
			runOnlyForDeploymentPostprocessing = 0;
		};
		063C2FBE2B85C06400BE916A /* Sources */ = {
			isa = PBXSourcesBuildPhase;
			buildActionMask = 2147483647;
			files = (
				063C2FC72B85C06400BE916A /* sampleappTests.swift in Sources */,
			);
			runOnlyForDeploymentPostprocessing = 0;
		};
		063C2FC82B85C06400BE916A /* Sources */ = {
			isa = PBXSourcesBuildPhase;
			buildActionMask = 2147483647;
			files = (
				063C2FD32B85C06400BE916A /* sampleappUITestsLaunchTests.swift in Sources */,
				063C2FD12B85C06400BE916A /* sampleappUITests.swift in Sources */,
			);
			runOnlyForDeploymentPostprocessing = 0;
		};
/* End PBXSourcesBuildPhase section */

/* Begin PBXTargetDependency section */
		063C2FC42B85C06400BE916A /* PBXTargetDependency */ = {
			isa = PBXTargetDependency;
			target = 063C2FAB2B85C06300BE916A /* sampleapp */;
			targetProxy = 063C2FC32B85C06400BE916A /* PBXContainerItemProxy */;
		};
		063C2FCE2B85C06400BE916A /* PBXTargetDependency */ = {
			isa = PBXTargetDependency;
			target = 063C2FAB2B85C06300BE916A /* sampleapp */;
			targetProxy = 063C2FCD2B85C06400BE916A /* PBXContainerItemProxy */;
		};
/* End PBXTargetDependency section */

/* Begin PBXVariantGroup section */
		063C2FB52B85C06300BE916A /* Main.storyboard */ = {
			isa = PBXVariantGroup;
			children = (
				063C2FB62B85C06300BE916A /* Base */,
			);
			name = Main.storyboard;
			sourceTree = "<group>";
		};
		063C2FBA2B85C06400BE916A /* LaunchScreen.storyboard */ = {
			isa = PBXVariantGroup;
			children = (
				063C2FBB2B85C06400BE916A /* Base */,
			);
			name = LaunchScreen.storyboard;
			sourceTree = "<group>";
		};
/* End PBXVariantGroup section */

/* Begin XCBuildConfiguration section */
		063C2FD42B85C06400BE916A /* Debug */ = {
			isa = XCBuildConfiguration;
			buildSettings = {
				ALWAYS_SEARCH_USER_PATHS = NO;
				ASSETCATALOG_COMPILER_GENERATE_SWIFT_ASSET_SYMBOL_EXTENSIONS = YES;
				CLANG_ANALYZER_NONNULL = YES;
				CLANG_ANALYZER_NUMBER_OBJECT_CONVERSION = YES_AGGRESSIVE;
				CLANG_CXX_LANGUAGE_STANDARD = "gnu++20";
				CLANG_ENABLE_MODULES = YES;
				CLANG_ENABLE_OBJC_ARC = YES;
				CLANG_ENABLE_OBJC_WEAK = YES;
				CLANG_WARN_BLOCK_CAPTURE_AUTORELEASING = YES;
				CLANG_WARN_BOOL_CONVERSION = YES;
				CLANG_WARN_COMMA = YES;
				CLANG_WARN_CONSTANT_CONVERSION = YES;
				CLANG_WARN_DEPRECATED_OBJC_IMPLEMENTATIONS = YES;
				CLANG_WARN_DIRECT_OBJC_ISA_USAGE = YES_ERROR;
				CLANG_WARN_DOCUMENTATION_COMMENTS = YES;
				CLANG_WARN_EMPTY_BODY = YES;
				CLANG_WARN_ENUM_CONVERSION = YES;
				CLANG_WARN_INFINITE_RECURSION = YES;
				CLANG_WARN_INT_CONVERSION = YES;
				CLANG_WARN_NON_LITERAL_NULL_CONVERSION = YES;
				CLANG_WARN_OBJC_IMPLICIT_RETAIN_SELF = YES;
				CLANG_WARN_OBJC_LITERAL_CONVERSION = YES;
				CLANG_WARN_OBJC_ROOT_CLASS = YES_ERROR;
				CLANG_WARN_QUOTED_INCLUDE_IN_FRAMEWORK_HEADER = YES;
				CLANG_WARN_RANGE_LOOP_ANALYSIS = YES;
				CLANG_WARN_STRICT_PROTOTYPES = YES;
				CLANG_WARN_SUSPICIOUS_MOVE = YES;
				CLANG_WARN_UNGUARDED_AVAILABILITY = YES_AGGRESSIVE;
				CLANG_WARN_UNREACHABLE_CODE = YES;
				CLANG_WARN__DUPLICATE_METHOD_MATCH = YES;
				COPY_PHASE_STRIP = NO;
				DEBUG_INFORMATION_FORMAT = dwarf;
				ENABLE_STRICT_OBJC_MSGSEND = YES;
				ENABLE_TESTABILITY = YES;
				ENABLE_USER_SCRIPT_SANDBOXING = YES;
				GCC_C_LANGUAGE_STANDARD = gnu17;
				GCC_DYNAMIC_NO_PIC = NO;
				GCC_NO_COMMON_BLOCKS = YES;
				GCC_OPTIMIZATION_LEVEL = 0;
				GCC_PREPROCESSOR_DEFINITIONS = (
					"DEBUG=1",
					"$(inherited)",
				);
				GCC_WARN_64_TO_32_BIT_CONVERSION = YES;
				GCC_WARN_ABOUT_RETURN_TYPE = YES_ERROR;
				GCC_WARN_UNDECLARED_SELECTOR = YES;
				GCC_WARN_UNINITIALIZED_AUTOS = YES_AGGRESSIVE;
				GCC_WARN_UNUSED_FUNCTION = YES;
				GCC_WARN_UNUSED_VARIABLE = YES;
				IPHONEOS_DEPLOYMENT_TARGET = 17.2;
				LOCALIZATION_PREFERS_STRING_CATALOGS = YES;
				MTL_ENABLE_DEBUG_INFO = INCLUDE_SOURCE;
				MTL_FAST_MATH = YES;
				ONLY_ACTIVE_ARCH = YES;
				SDKROOT = iphoneos;
				SWIFT_ACTIVE_COMPILATION_CONDITIONS = "DEBUG $(inherited)";
				SWIFT_OPTIMIZATION_LEVEL = "-Onone";
			};
			name = Debug;
		};
		063C2FD52B85C06400BE916A /* Release */ = {
			isa = XCBuildConfiguration;
			buildSettings = {
				ALWAYS_SEARCH_USER_PATHS = NO;
				ASSETCATALOG_COMPILER_GENERATE_SWIFT_ASSET_SYMBOL_EXTENSIONS = YES;
				CLANG_ANALYZER_NONNULL = YES;
				CLANG_ANALYZER_NUMBER_OBJECT_CONVERSION = YES_AGGRESSIVE;
				CLANG_CXX_LANGUAGE_STANDARD = "gnu++20";
				CLANG_ENABLE_MODULES = YES;
				CLANG_ENABLE_OBJC_ARC = YES;
				CLANG_ENABLE_OBJC_WEAK = YES;
				CLANG_WARN_BLOCK_CAPTURE_AUTORELEASING = YES;
				CLANG_WARN_BOOL_CONVERSION = YES;
				CLANG_WARN_COMMA = YES;
				CLANG_WARN_CONSTANT_CONVERSION = YES;
				CLANG_WARN_DEPRECATED_OBJC_IMPLEMENTATIONS = YES;
				CLANG_WARN_DIRECT_OBJC_ISA_USAGE = YES_ERROR;
				CLANG_WARN_DOCUMENTATION_COMMENTS = YES;
				CLANG_WARN_EMPTY_BODY = YES;
				CLANG_WARN_ENUM_CONVERSION = YES;
				CLANG_WARN_INFINITE_RECURSION = YES;
				CLANG_WARN_INT_CONVERSION = YES;
				CLANG_WARN_NON_LITERAL_NULL_CONVERSION = YES;
				CLANG_WARN_OBJC_IMPLICIT_RETAIN_SELF = YES;
				CLANG_WARN_OBJC_LITERAL_CONVERSION = YES;
				CLANG_WARN_OBJC_ROOT_CLASS = YES_ERROR;
				CLANG_WARN_QUOTED_INCLUDE_IN_FRAMEWORK_HEADER = YES;
				CLANG_WARN_RANGE_LOOP_ANALYSIS = YES;
				CLANG_WARN_STRICT_PROTOTYPES = YES;
				CLANG_WARN_SUSPICIOUS_MOVE = YES;
				CLANG_WARN_UNGUARDED_AVAILABILITY = YES_AGGRESSIVE;
				CLANG_WARN_UNREACHABLE_CODE = YES;
				CLANG_WARN__DUPLICATE_METHOD_MATCH = YES;
				COPY_PHASE_STRIP = NO;
				DEBUG_INFORMATION_FORMAT = "dwarf-with-dsym";
				ENABLE_NS_ASSERTIONS = NO;
				ENABLE_STRICT_OBJC_MSGSEND = YES;
				ENABLE_USER_SCRIPT_SANDBOXING = YES;
				GCC_C_LANGUAGE_STANDARD = gnu17;
				GCC_NO_COMMON_BLOCKS = YES;
				GCC_WARN_64_TO_32_BIT_CONVERSION = YES;
				GCC_WARN_ABOUT_RETURN_TYPE = YES_ERROR;
				GCC_WARN_UNDECLARED_SELECTOR = YES;
				GCC_WARN_UNINITIALIZED_AUTOS = YES_AGGRESSIVE;
				GCC_WARN_UNUSED_FUNCTION = YES;
				GCC_WARN_UNUSED_VARIABLE = YES;
				IPHONEOS_DEPLOYMENT_TARGET = 17.2;
				LOCALIZATION_PREFERS_STRING_CATALOGS = YES;
				MTL_ENABLE_DEBUG_INFO = NO;
				MTL_FAST_MATH = YES;
				SDKROOT = iphoneos;
				SWIFT_COMPILATION_MODE = wholemodule;
				VALIDATE_PRODUCT = YES;
			};
			name = Release;
		};
		063C2FD72B85C06400BE916A /* Debug */ = {
			isa = XCBuildConfiguration;
			buildSettings = {
				ASSETCATALOG_COMPILER_APPICON_NAME = AppIcon;
				ASSETCATALOG_COMPILER_GLOBAL_ACCENT_COLOR_NAME = AccentColor;
				CODE_SIGN_STYLE = Automatic;
				CURRENT_PROJECT_VERSION = 1;
				GENERATE_INFOPLIST_FILE = YES;
				INFOPLIST_FILE = sampleapp/Info.plist;
				INFOPLIST_KEY_UIApplicationSupportsIndirectInputEvents = YES;
				INFOPLIST_KEY_UILaunchStoryboardName = LaunchScreen;
				INFOPLIST_KEY_UIMainStoryboardFile = Main;
				INFOPLIST_KEY_UISupportedInterfaceOrientations_iPad = "UIInterfaceOrientationPortrait UIInterfaceOrientationPortraitUpsideDown UIInterfaceOrientationLandscapeLeft UIInterfaceOrientationLandscapeRight";
				INFOPLIST_KEY_UISupportedInterfaceOrientations_iPhone = "UIInterfaceOrientationPortrait UIInterfaceOrientationLandscapeLeft UIInterfaceOrientationLandscapeRight";
				LD_RUNPATH_SEARCH_PATHS = (
					"$(inherited)",
					"@executable_path/Frameworks",
				);
				MARKETING_VERSION = 1.0;
				PRODUCT_BUNDLE_IDENTIFIER = edu.nwmissouri.spring24.cs44643.sec04.sampleapp;
				PRODUCT_NAME = "$(TARGET_NAME)";
				SWIFT_EMIT_LOC_STRINGS = YES;
				SWIFT_VERSION = 5.0;
				TARGETED_DEVICE_FAMILY = "1,2";
			};
			name = Debug;
		};
		063C2FD82B85C06400BE916A /* Release */ = {
			isa = XCBuildConfiguration;
			buildSettings = {
				ASSETCATALOG_COMPILER_APPICON_NAME = AppIcon;
				ASSETCATALOG_COMPILER_GLOBAL_ACCENT_COLOR_NAME = AccentColor;
				CODE_SIGN_STYLE = Automatic;
				CURRENT_PROJECT_VERSION = 1;
				GENERATE_INFOPLIST_FILE = YES;
				INFOPLIST_FILE = sampleapp/Info.plist;
				INFOPLIST_KEY_UIApplicationSupportsIndirectInputEvents = YES;
				INFOPLIST_KEY_UILaunchStoryboardName = LaunchScreen;
				INFOPLIST_KEY_UIMainStoryboardFile = Main;
				INFOPLIST_KEY_UISupportedInterfaceOrientations_iPad = "UIInterfaceOrientationPortrait UIInterfaceOrientationPortraitUpsideDown UIInterfaceOrientationLandscapeLeft UIInterfaceOrientationLandscapeRight";
				INFOPLIST_KEY_UISupportedInterfaceOrientations_iPhone = "UIInterfaceOrientationPortrait UIInterfaceOrientationLandscapeLeft UIInterfaceOrientationLandscapeRight";
				LD_RUNPATH_SEARCH_PATHS = (
					"$(inherited)",
					"@executable_path/Frameworks",
				);
				MARKETING_VERSION = 1.0;
				PRODUCT_BUNDLE_IDENTIFIER = edu.nwmissouri.spring24.cs44643.sec04.sampleapp;
				PRODUCT_NAME = "$(TARGET_NAME)";
				SWIFT_EMIT_LOC_STRINGS = YES;
				SWIFT_VERSION = 5.0;
				TARGETED_DEVICE_FAMILY = "1,2";
			};
			name = Release;
		};
		063C2FDA2B85C06400BE916A /* Debug */ = {
			isa = XCBuildConfiguration;
			buildSettings = {
				ALWAYS_EMBED_SWIFT_STANDARD_LIBRARIES = YES;
				BUNDLE_LOADER = "$(TEST_HOST)";
				CODE_SIGN_STYLE = Automatic;
				CURRENT_PROJECT_VERSION = 1;
				GENERATE_INFOPLIST_FILE = YES;
				IPHONEOS_DEPLOYMENT_TARGET = 17.2;
				MARKETING_VERSION = 1.0;
				PRODUCT_BUNDLE_IDENTIFIER = edu.nwmissouri.spring24.cs44643.sec04.sampleappTests;
				PRODUCT_NAME = "$(TARGET_NAME)";
				SWIFT_EMIT_LOC_STRINGS = NO;
				SWIFT_VERSION = 5.0;
				TARGETED_DEVICE_FAMILY = "1,2";
				TEST_HOST = "$(BUILT_PRODUCTS_DIR)/sampleapp.app/$(BUNDLE_EXECUTABLE_FOLDER_PATH)/sampleapp";
			};
			name = Debug;
		};
		063C2FDB2B85C06400BE916A /* Release */ = {
			isa = XCBuildConfiguration;
			buildSettings = {
				ALWAYS_EMBED_SWIFT_STANDARD_LIBRARIES = YES;
				BUNDLE_LOADER = "$(TEST_HOST)";
				CODE_SIGN_STYLE = Automatic;
				CURRENT_PROJECT_VERSION = 1;
				GENERATE_INFOPLIST_FILE = YES;
				IPHONEOS_DEPLOYMENT_TARGET = 17.2;
				MARKETING_VERSION = 1.0;
				PRODUCT_BUNDLE_IDENTIFIER = edu.nwmissouri.spring24.cs44643.sec04.sampleappTests;
				PRODUCT_NAME = "$(TARGET_NAME)";
				SWIFT_EMIT_LOC_STRINGS = NO;
				SWIFT_VERSION = 5.0;
				TARGETED_DEVICE_FAMILY = "1,2";
				TEST_HOST = "$(BUILT_PRODUCTS_DIR)/sampleapp.app/$(BUNDLE_EXECUTABLE_FOLDER_PATH)/sampleapp";
			};
			name = Release;
		};
		063C2FDD2B85C06400BE916A /* Debug */ = {
			isa = XCBuildConfiguration;
			buildSettings = {
				ALWAYS_EMBED_SWIFT_STANDARD_LIBRARIES = YES;
				CODE_SIGN_STYLE = Automatic;
				CURRENT_PROJECT_VERSION = 1;
				GENERATE_INFOPLIST_FILE = YES;
				MARKETING_VERSION = 1.0;
				PRODUCT_BUNDLE_IDENTIFIER = edu.nwmissouri.spring24.cs44643.sec04.sampleappUITests;
				PRODUCT_NAME = "$(TARGET_NAME)";
				SWIFT_EMIT_LOC_STRINGS = NO;
				SWIFT_VERSION = 5.0;
				TARGETED_DEVICE_FAMILY = "1,2";
				TEST_TARGET_NAME = sampleapp;
			};
			name = Debug;
		};
		063C2FDE2B85C06400BE916A /* Release */ = {
			isa = XCBuildConfiguration;
			buildSettings = {
				ALWAYS_EMBED_SWIFT_STANDARD_LIBRARIES = YES;
				CODE_SIGN_STYLE = Automatic;
				CURRENT_PROJECT_VERSION = 1;
				GENERATE_INFOPLIST_FILE = YES;
				MARKETING_VERSION = 1.0;
				PRODUCT_BUNDLE_IDENTIFIER = edu.nwmissouri.spring24.cs44643.sec04.sampleappUITests;
				PRODUCT_NAME = "$(TARGET_NAME)";
				SWIFT_EMIT_LOC_STRINGS = NO;
				SWIFT_VERSION = 5.0;
				TARGETED_DEVICE_FAMILY = "1,2";
				TEST_TARGET_NAME = sampleapp;
			};
			name = Release;
		};
/* End XCBuildConfiguration section */

/* Begin XCConfigurationList section */
		063C2FA72B85C06300BE916A /* Build configuration list for PBXProject "sampleapp" */ = {
			isa = XCConfigurationList;
			buildConfigurations = (
				063C2FD42B85C06400BE916A /* Debug */,
				063C2FD52B85C06400BE916A /* Release */,
			);
			defaultConfigurationIsVisible = 0;
			defaultConfigurationName = Release;
		};
		063C2FD62B85C06400BE916A /* Build configuration list for PBXNativeTarget "sampleapp" */ = {
			isa = XCConfigurationList;
			buildConfigurations = (
				063C2FD72B85C06400BE916A /* Debug */,
				063C2FD82B85C06400BE916A /* Release */,
			);
			defaultConfigurationIsVisible = 0;
			defaultConfigurationName = Release;
		};
		063C2FD92B85C06400BE916A /* Build configuration list for PBXNativeTarget "sampleappTests" */ = {
			isa = XCConfigurationList;
			buildConfigurations = (
				063C2FDA2B85C06400BE916A /* Debug */,
				063C2FDB2B85C06400BE916A /* Release */,
			);
			defaultConfigurationIsVisible = 0;
			defaultConfigurationName = Release;
		};
		063C2FDC2B85C06400BE916A /* Build configuration list for PBXNativeTarget "sampleappUITests" */ = {
			isa = XCConfigurationList;
			buildConfigurations = (
				063C2FDD2B85C06400BE916A /* Debug */,
				063C2FDE2B85C06400BE916A /* Release */,
			);
			defaultConfigurationIsVisible = 0;
			defaultConfigurationName = Release;
		};
/* End XCConfigurationList section */
	};
	rootObject = 063C2FA42B85C06300BE916A /* Project object */;
}
